// !$*UTF8*$!
{
	archiveVersion = 1;
	classes = {
	};
	objectVersion = 46;
	objects = {

/* Begin PBXBuildFile section */
		274330581DCE79E900A3FBE8 /* AppDelegate.swift in Sources */ = {isa = PBXBuildFile; fileRef = 274330571DCE79E900A3FBE8 /* AppDelegate.swift */; };
		2743305A1DCE79E900A3FBE8 /* GameScene.sks in Resources */ = {isa = PBXBuildFile; fileRef = 274330591DCE79E900A3FBE8 /* GameScene.sks */; };
		2743305C1DCE79E900A3FBE8 /* Actions.sks in Resources */ = {isa = PBXBuildFile; fileRef = 2743305B1DCE79E900A3FBE8 /* Actions.sks */; };
		2743305E1DCE79E900A3FBE8 /* GameScene.swift in Sources */ = {isa = PBXBuildFile; fileRef = 2743305D1DCE79E900A3FBE8 /* GameScene.swift */; };
		274330601DCE79E900A3FBE8 /* GameViewController.swift in Sources */ = {isa = PBXBuildFile; fileRef = 2743305F1DCE79E900A3FBE8 /* GameViewController.swift */; };
		274330631DCE79E900A3FBE8 /* Main.storyboard in Resources */ = {isa = PBXBuildFile; fileRef = 274330611DCE79E900A3FBE8 /* Main.storyboard */; };
		274330651DCE79E900A3FBE8 /* Assets.xcassets in Resources */ = {isa = PBXBuildFile; fileRef = 274330641DCE79E900A3FBE8 /* Assets.xcassets */; };
		274330681DCE79E900A3FBE8 /* LaunchScreen.storyboard in Resources */ = {isa = PBXBuildFile; fileRef = 274330661DCE79E900A3FBE8 /* LaunchScreen.storyboard */; };
		274330731DCE79E900A3FBE8 /* asdfTests.swift in Sources */ = {isa = PBXBuildFile; fileRef = 274330721DCE79E900A3FBE8 /* asdfTests.swift */; };
		2743307E1DCE79E900A3FBE8 /* asdfUITests.swift in Sources */ = {isa = PBXBuildFile; fileRef = 2743307D1DCE79E900A3FBE8 /* asdfUITests.swift */; };
/* End PBXBuildFile section */

/* Begin PBXContainerItemProxy section */
		2743306F1DCE79E900A3FBE8 /* PBXContainerItemProxy */ = {
			isa = PBXContainerItemProxy;
			containerPortal = 2743304C1DCE79E800A3FBE8 /* Project object */;
			proxyType = 1;
			remoteGlobalIDString = 274330531DCE79E800A3FBE8;
			remoteInfo = asdf;
		};
		2743307A1DCE79E900A3FBE8 /* PBXContainerItemProxy */ = {
			isa = PBXContainerItemProxy;
			containerPortal = 2743304C1DCE79E800A3FBE8 /* Project object */;
			proxyType = 1;
			remoteGlobalIDString = 274330531DCE79E800A3FBE8;
			remoteInfo = asdf;
		};
/* End PBXContainerItemProxy section */

/* Begin PBXFileReference section */
		274330541DCE79E900A3FBE8 /* asdf.app */ = {isa = PBXFileReference; explicitFileType = wrapper.application; includeInIndex = 0; path = asdf.app; sourceTree = BUILT_PRODUCTS_DIR; };
		274330571DCE79E900A3FBE8 /* AppDelegate.swift */ = {isa = PBXFileReference; lastKnownFileType = sourcecode.swift; path = AppDelegate.swift; sourceTree = "<group>"; };
		274330591DCE79E900A3FBE8 /* GameScene.sks */ = {isa = PBXFileReference; lastKnownFileType = file.sks; path = GameScene.sks; sourceTree = "<group>"; };
		2743305B1DCE79E900A3FBE8 /* Actions.sks */ = {isa = PBXFileReference; lastKnownFileType = file.sks; path = Actions.sks; sourceTree = "<group>"; };
		2743305D1DCE79E900A3FBE8 /* GameScene.swift */ = {isa = PBXFileReference; lastKnownFileType = sourcecode.swift; path = GameScene.swift; sourceTree = "<group>"; };
		2743305F1DCE79E900A3FBE8 /* GameViewController.swift */ = {isa = PBXFileReference; lastKnownFileType = sourcecode.swift; path = GameViewController.swift; sourceTree = "<group>"; };
		274330621DCE79E900A3FBE8 /* Base */ = {isa = PBXFileReference; lastKnownFileType = file.storyboard; name = Base; path = Base.lproj/Main.storyboard; sourceTree = "<group>"; };
		274330641DCE79E900A3FBE8 /* Assets.xcassets */ = {isa = PBXFileReference; lastKnownFileType = folder.assetcatalog; path = Assets.xcassets; sourceTree = "<group>"; };
		274330671DCE79E900A3FBE8 /* Base */ = {isa = PBXFileReference; lastKnownFileType = file.storyboard; name = Base; path = Base.lproj/LaunchScreen.storyboard; sourceTree = "<group>"; };
		274330691DCE79E900A3FBE8 /* Info.plist */ = {isa = PBXFileReference; lastKnownFileType = text.plist.xml; path = Info.plist; sourceTree = "<group>"; };
		2743306E1DCE79E900A3FBE8 /* asdfTests.xctest */ = {isa = PBXFileReference; explicitFileType = wrapper.cfbundle; includeInIndex = 0; path = asdfTests.xctest; sourceTree = BUILT_PRODUCTS_DIR; };
		274330721DCE79E900A3FBE8 /* asdfTests.swift */ = {isa = PBXFileReference; lastKnownFileType = sourcecode.swift; path = asdfTests.swift; sourceTree = "<group>"; };
		274330741DCE79E900A3FBE8 /* Info.plist */ = {isa = PBXFileReference; lastKnownFileType = text.plist.xml; path = Info.plist; sourceTree = "<group>"; };
		274330791DCE79E900A3FBE8 /* asdfUITests.xctest */ = {isa = PBXFileReference; explicitFileType = wrapper.cfbundle; includeInIndex = 0; path = asdfUITests.xctest; sourceTree = BUILT_PRODUCTS_DIR; };
		2743307D1DCE79E900A3FBE8 /* asdfUITests.swift */ = {isa = PBXFileReference; lastKnownFileType = sourcecode.swift; path = asdfUITests.swift; sourceTree = "<group>"; };
		2743307F1DCE79E900A3FBE8 /* Info.plist */ = {isa = PBXFileReference; lastKnownFileType = text.plist.xml; path = Info.plist; sourceTree = "<group>"; };
/* End PBXFileReference section */

/* Begin PBXFrameworksBuildPhase section */
		274330511DCE79E800A3FBE8 /* Frameworks */ = {
			isa = PBXFrameworksBuildPhase;
			buildActionMask = 2147483647;
			files = (
			);
			runOnlyForDeploymentPostprocessing = 0;
		};
		2743306B1DCE79E900A3FBE8 /* Frameworks */ = {
			isa = PBXFrameworksBuildPhase;
			buildActionMask = 2147483647;
			files = (
			);
			runOnlyForDeploymentPostprocessing = 0;
		};
		274330761DCE79E900A3FBE8 /* Frameworks */ = {
			isa = PBXFrameworksBuildPhase;
			buildActionMask = 2147483647;
			files = (
			);
			runOnlyForDeploymentPostprocessing = 0;
		};
/* End PBXFrameworksBuildPhase section */

/* Begin PBXGroup section */
		2743304B1DCE79E800A3FBE8 = {
			isa = PBXGroup;
			children = (
				274330561DCE79E900A3FBE8 /* asdf */,
				274330711DCE79E900A3FBE8 /* asdfTests */,
				2743307C1DCE79E900A3FBE8 /* asdfUITests */,
				274330551DCE79E900A3FBE8 /* Products */,
			);
			sourceTree = "<group>";
		};
		274330551DCE79E900A3FBE8 /* Products */ = {
			isa = PBXGroup;
			children = (
				274330541DCE79E900A3FBE8 /* asdf.app */,
				2743306E1DCE79E900A3FBE8 /* asdfTests.xctest */,
				274330791DCE79E900A3FBE8 /* asdfUITests.xctest */,
			);
			name = Products;
			sourceTree = "<group>";
		};
		274330561DCE79E900A3FBE8 /* asdf */ = {
			isa = PBXGroup;
			children = (
				274330571DCE79E900A3FBE8 /* AppDelegate.swift */,
				274330591DCE79E900A3FBE8 /* GameScene.sks */,
				2743305B1DCE79E900A3FBE8 /* Actions.sks */,
				2743305D1DCE79E900A3FBE8 /* GameScene.swift */,
				2743305F1DCE79E900A3FBE8 /* GameViewController.swift */,
				274330611DCE79E900A3FBE8 /* Main.storyboard */,
				274330641DCE79E900A3FBE8 /* Assets.xcassets */,
				274330661DCE79E900A3FBE8 /* LaunchScreen.storyboard */,
				274330691DCE79E900A3FBE8 /* Info.plist */,
			);
			path = asdf;
			sourceTree = "<group>";
		};
		274330711DCE79E900A3FBE8 /* asdfTests */ = {
			isa = PBXGroup;
			children = (
				274330721DCE79E900A3FBE8 /* asdfTests.swift */,
				274330741DCE79E900A3FBE8 /* Info.plist */,
			);
			path = asdfTests;
			sourceTree = "<group>";
		};
		2743307C1DCE79E900A3FBE8 /* asdfUITests */ = {
			isa = PBXGroup;
			children = (
				2743307D1DCE79E900A3FBE8 /* asdfUITests.swift */,
				2743307F1DCE79E900A3FBE8 /* Info.plist */,
			);
			path = asdfUITests;
			sourceTree = "<group>";
		};
/* End PBXGroup section */

/* Begin PBXNativeTarget section */
		274330531DCE79E800A3FBE8 /* asdf */ = {
			isa = PBXNativeTarget;
			buildConfigurationList = 274330821DCE79E900A3FBE8 /* Build configuration list for PBXNativeTarget "asdf" */;
			buildPhases = (
				274330501DCE79E800A3FBE8 /* Sources */,
				274330511DCE79E800A3FBE8 /* Frameworks */,
				274330521DCE79E800A3FBE8 /* Resources */,
			);
			buildRules = (
			);
			dependencies = (
			);
			name = asdf;
			productName = asdf;
			productReference = 274330541DCE79E900A3FBE8 /* asdf.app */;
			productType = "com.apple.product-type.application";
		};
		2743306D1DCE79E900A3FBE8 /* asdfTests */ = {
			isa = PBXNativeTarget;
			buildConfigurationList = 274330851DCE79E900A3FBE8 /* Build configuration list for PBXNativeTarget "asdfTests" */;
			buildPhases = (
				2743306A1DCE79E900A3FBE8 /* Sources */,
				2743306B1DCE79E900A3FBE8 /* Frameworks */,
				2743306C1DCE79E900A3FBE8 /* Resources */,
			);
			buildRules = (
			);
			dependencies = (
				274330701DCE79E900A3FBE8 /* PBXTargetDependency */,
			);
			name = asdfTests;
			productName = asdfTests;
			productReference = 2743306E1DCE79E900A3FBE8 /* asdfTests.xctest */;
			productType = "com.apple.product-type.bundle.unit-test";
		};
		274330781DCE79E900A3FBE8 /* asdfUITests */ = {
			isa = PBXNativeTarget;
			buildConfigurationList = 274330881DCE79E900A3FBE8 /* Build configuration list for PBXNativeTarget "asdfUITests" */;
			buildPhases = (
				274330751DCE79E900A3FBE8 /* Sources */,
				274330761DCE79E900A3FBE8 /* Frameworks */,
				274330771DCE79E900A3FBE8 /* Resources */,
			);
			buildRules = (
			);
			dependencies = (
				2743307B1DCE79E900A3FBE8 /* PBXTargetDependency */,
			);
			name = asdfUITests;
			productName = asdfUITests;
			productReference = 274330791DCE79E900A3FBE8 /* asdfUITests.xctest */;
			productType = "com.apple.product-type.bundle.ui-testing";
		};
/* End PBXNativeTarget section */

/* Begin PBXProject section */
		2743304C1DCE79E800A3FBE8 /* Project object */ = {
			isa = PBXProject;
			attributes = {
				LastSwiftUpdateCheck = 0810;
				LastUpgradeCheck = 0810;
				ORGANIZATIONNAME = "Minh Pham";
				TargetAttributes = {
					274330531DCE79E800A3FBE8 = {
						CreatedOnToolsVersion = 8.1;
						DevelopmentTeam = LVA22MYZ28;
						ProvisioningStyle = Automatic;
					};
					2743306D1DCE79E900A3FBE8 = {
						CreatedOnToolsVersion = 8.1;
						ProvisioningStyle = Automatic;
						TestTargetID = 274330531DCE79E800A3FBE8;
					};
					274330781DCE79E900A3FBE8 = {
						CreatedOnToolsVersion = 8.1;
						ProvisioningStyle = Automatic;
						TestTargetID = 274330531DCE79E800A3FBE8;
					};
				};
			};
			buildConfigurationList = 2743304F1DCE79E800A3FBE8 /* Build configuration list for PBXProject "asdf" */;
			compatibilityVersion = "Xcode 3.2";
			developmentRegion = English;
			hasScannedForEncodings = 0;
			knownRegions = (
				en,
				Base,
			);
			mainGroup = 2743304B1DCE79E800A3FBE8;
			productRefGroup = 274330551DCE79E900A3FBE8 /* Products */;
			projectDirPath = "";
			projectRoot = "";
			targets = (
				274330531DCE79E800A3FBE8 /* asdf */,
				2743306D1DCE79E900A3FBE8 /* asdfTests */,
				274330781DCE79E900A3FBE8 /* asdfUITests */,
			);
		};
/* End PBXProject section */

/* Begin PBXResourcesBuildPhase section */
		274330521DCE79E800A3FBE8 /* Resources */ = {
			isa = PBXResourcesBuildPhase;
			buildActionMask = 2147483647;
			files = (
				274330631DCE79E900A3FBE8 /* Main.storyboard in Resources */,
				2743305A1DCE79E900A3FBE8 /* GameScene.sks in Resources */,
				274330651DCE79E900A3FBE8 /* Assets.xcassets in Resources */,
				274330681DCE79E900A3FBE8 /* LaunchScreen.storyboard in Resources */,
				2743305C1DCE79E900A3FBE8 /* Actions.sks in Resources */,
			);
			runOnlyForDeploymentPostprocessing = 0;
		};
		2743306C1DCE79E900A3FBE8 /* Resources */ = {
			isa = PBXResourcesBuildPhase;
			buildActionMask = 2147483647;
			files = (
			);
			runOnlyForDeploymentPostprocessing = 0;
		};
		274330771DCE79E900A3FBE8 /* Resources */ = {
			isa = PBXResourcesBuildPhase;
			buildActionMask = 2147483647;
			files = (
			);
			runOnlyForDeploymentPostprocessing = 0;
		};
/* End PBXResourcesBuildPhase section */

/* Begin PBXSourcesBuildPhase section */
		274330501DCE79E800A3FBE8 /* Sources */ = {
			isa = PBXSourcesBuildPhase;
			buildActionMask = 2147483647;
			files = (
				2743305E1DCE79E900A3FBE8 /* GameScene.swift in Sources */,
				274330601DCE79E900A3FBE8 /* GameViewController.swift in Sources */,
				274330581DCE79E900A3FBE8 /* AppDelegate.swift in Sources */,
			);
			runOnlyForDeploymentPostprocessing = 0;
		};
		2743306A1DCE79E900A3FBE8 /* Sources */ = {
			isa = PBXSourcesBuildPhase;
			buildActionMask = 2147483647;
			files = (
				274330731DCE79E900A3FBE8 /* asdfTests.swift in Sources */,
			);
			runOnlyForDeploymentPostprocessing = 0;
		};
		274330751DCE79E900A3FBE8 /* Sources */ = {
			isa = PBXSourcesBuildPhase;
			buildActionMask = 2147483647;
			files = (
				2743307E1DCE79E900A3FBE8 /* asdfUITests.swift in Sources */,
			);
			runOnlyForDeploymentPostprocessing = 0;
		};
/* End PBXSourcesBuildPhase section */

/* Begin PBXTargetDependency section */
		274330701DCE79E900A3FBE8 /* PBXTargetDependency */ = {
			isa = PBXTargetDependency;
			target = 274330531DCE79E800A3FBE8 /* asdf */;
			targetProxy = 2743306F1DCE79E900A3FBE8 /* PBXContainerItemProxy */;
		};
		2743307B1DCE79E900A3FBE8 /* PBXTargetDependency */ = {
			isa = PBXTargetDependency;
			target = 274330531DCE79E800A3FBE8 /* asdf */;
			targetProxy = 2743307A1DCE79E900A3FBE8 /* PBXContainerItemProxy */;
		};
/* End PBXTargetDependency section */

/* Begin PBXVariantGroup section */
		274330611DCE79E900A3FBE8 /* Main.storyboard */ = {
			isa = PBXVariantGroup;
			children = (
				274330621DCE79E900A3FBE8 /* Base */,
			);
			name = Main.storyboard;
			sourceTree = "<group>";
		};
		274330661DCE79E900A3FBE8 /* LaunchScreen.storyboard */ = {
			isa = PBXVariantGroup;
			children = (
				274330671DCE79E900A3FBE8 /* Base */,
			);
			name = LaunchScreen.storyboard;
			sourceTree = "<group>";
		};
/* End PBXVariantGroup section */

/* Begin XCBuildConfiguration section */
		274330801DCE79E900A3FBE8 /* Debug */ = {
			isa = XCBuildConfiguration;
			buildSettings = {
				ALWAYS_SEARCH_USER_PATHS = NO;
				CLANG_ANALYZER_NONNULL = YES;
				CLANG_CXX_LANGUAGE_STANDARD = "gnu++0x";
				CLANG_CXX_LIBRARY = "libc++";
				CLANG_ENABLE_MODULES = YES;
				CLANG_ENABLE_OBJC_ARC = YES;
				CLANG_WARN_BOOL_CONVERSION = YES;
				CLANG_WARN_CONSTANT_CONVERSION = YES;
				CLANG_WARN_DIRECT_OBJC_ISA_USAGE = YES_ERROR;
				CLANG_WARN_DOCUMENTATION_COMMENTS = YES;
				CLANG_WARN_EMPTY_BODY = YES;
				CLANG_WARN_ENUM_CONVERSION = YES;
				CLANG_WARN_INFINITE_RECURSION = YES;
				CLANG_WARN_INT_CONVERSION = YES;
				CLANG_WARN_OBJC_ROOT_CLASS = YES_ERROR;
				CLANG_WARN_SUSPICIOUS_MOVES = YES;
				CLANG_WARN_UNREACHABLE_CODE = YES;
				CLANG_WARN__DUPLICATE_METHOD_MATCH = YES;
				"CODE_SIGN_IDENTITY[sdk=iphoneos*]" = "iPhone Developer";
				COPY_PHASE_STRIP = NO;
				DEBUG_INFORMATION_FORMAT = dwarf;
				ENABLE_STRICT_OBJC_MSGSEND = YES;
				ENABLE_TESTABILITY = YES;
				GCC_C_LANGUAGE_STANDARD = gnu99;
				GCC_DYNAMIC_NO_PIC = NO;
				GCC_NO_COMMON_BLOCKS = YES;
				GCC_OPTIMIZATION_LEVEL = 0;
				GCC_PREPROCESSOR_DEFINITIONS = (
					"DEBUG=1",
					"$(inherited)",
				);
				GCC_WARN_64_TO_32_BIT_CONVERSION = YES;
				GCC_WARN_ABOUT_RETURN_TYPE = YES_ERROR;
				GCC_WARN_UNDECLARED_SELECTOR = YES;
				GCC_WARN_UNINITIALIZED_AUTOS = YES_AGGRESSIVE;
				GCC_WARN_UNUSED_FUNCTION = YES;
				GCC_WARN_UNUSED_VARIABLE = YES;
				IPHONEOS_DEPLOYMENT_TARGET = 10.1;
				MTL_ENABLE_DEBUG_INFO = YES;
				ONLY_ACTIVE_ARCH = YES;
				SDKROOT = iphoneos;
				SWIFT_ACTIVE_COMPILATION_CONDITIONS = DEBUG;
				SWIFT_OPTIMIZATION_LEVEL = "-Onone";
				TARGETED_DEVICE_FAMILY = "1,2";
			};
			name = Debug;
		};
		274330811DCE79E900A3FBE8 /* Release */ = {
			isa = XCBuildConfiguration;
			buildSettings = {
				ALWAYS_SEARCH_USER_PATHS = NO;
				CLANG_ANALYZER_NONNULL = YES;
				CLANG_CXX_LANGUAGE_STANDARD = "gnu++0x";
				CLANG_CXX_LIBRARY = "libc++";
				CLANG_ENABLE_MODULES = YES;
				CLANG_ENABLE_OBJC_ARC = YES;
				CLANG_WARN_BOOL_CONVERSION = YES;
				CLANG_WARN_CONSTANT_CONVERSION = YES;
				CLANG_WARN_DIRECT_OBJC_ISA_USAGE = YES_ERROR;
				CLANG_WARN_DOCUMENTATION_COMMENTS = YES;
				CLANG_WARN_EMPTY_BODY = YES;
				CLANG_WARN_ENUM_CONVERSION = YES;
				CLANG_WARN_INFINITE_RECURSION = YES;
				CLANG_WARN_INT_CONVERSION = YES;
				CLANG_WARN_OBJC_ROOT_CLASS = YES_ERROR;
				CLANG_WARN_SUSPICIOUS_MOVES = YES;
				CLANG_WARN_UNREACHABLE_CODE = YES;
				CLANG_WARN__DUPLICATE_METHOD_MATCH = YES;
				"CODE_SIGN_IDENTITY[sdk=iphoneos*]" = "iPhone Developer";
				COPY_PHASE_STRIP = NO;
				DEBUG_INFORMATION_FORMAT = "dwarf-with-dsym";
				ENABLE_NS_ASSERTIONS = NO;
				ENABLE_STRICT_OBJC_MSGSEND = YES;
				GCC_C_LANGUAGE_STANDARD = gnu99;
				GCC_NO_COMMON_BLOCKS = YES;
				GCC_WARN_64_TO_32_BIT_CONVERSION = YES;
				GCC_WARN_ABOUT_RETURN_TYPE = YES_ERROR;
				GCC_WARN_UNDECLARED_SELECTOR = YES;
				GCC_WARN_UNINITIALIZED_AUTOS = YES_AGGRESSIVE;
				GCC_WARN_UNUSED_FUNCTION = YES;
				GCC_WARN_UNUSED_VARIABLE = YES;
				IPHONEOS_DEPLOYMENT_TARGET = 10.1;
				MTL_ENABLE_DEBUG_INFO = NO;
				SDKROOT = iphoneos;
				SWIFT_OPTIMIZATION_LEVEL = "-Owholemodule";
				TARGETED_DEVICE_FAMILY = "1,2";
				VALIDATE_PRODUCT = YES;
			};
			name = Release;
		};
		274330831DCE79E900A3FBE8 /* Debug */ = {
			isa = XCBuildConfiguration;
			buildSettings = {
				ASSETCATALOG_COMPILER_APPICON_NAME = AppIcon;
				DEVELOPMENT_TEAM = LVA22MYZ28;
				INFOPLIST_FILE = asdf/Info.plist;
				LD_RUNPATH_SEARCH_PATHS = "$(inherited) @executable_path/Frameworks";
				PRODUCT_BUNDLE_IDENTIFIER = "intro-to-ios.asdf";
				PRODUCT_NAME = "$(TARGET_NAME)";
				SWIFT_VERSION = 3.0;
			};
			name = Debug;
		};
		274330841DCE79E900A3FBE8 /* Release */ = {
			isa = XCBuildConfiguration;
			buildSettings = {
				ASSETCATALOG_COMPILER_APPICON_NAME = AppIcon;
				DEVELOPMENT_TEAM = LVA22MYZ28;
				INFOPLIST_FILE = asdf/Info.plist;
				LD_RUNPATH_SEARCH_PATHS = "$(inherited) @executable_path/Frameworks";
				PRODUCT_BUNDLE_IDENTIFIER = "intro-to-ios.asdf";
				PRODUCT_NAME = "$(TARGET_NAME)";
				SWIFT_VERSION = 3.0;
			};
			name = Release;
		};
		274330861DCE79E900A3FBE8 /* Debug */ = {
			isa = XCBuildConfiguration;
			buildSettings = {
				ALWAYS_EMBED_SWIFT_STANDARD_LIBRARIES = YES;
				BUNDLE_LOADER = "$(TEST_HOST)";
				INFOPLIST_FILE = asdfTests/Info.plist;
				LD_RUNPATH_SEARCH_PATHS = "$(inherited) @executable_path/Frameworks @loader_path/Frameworks";
				PRODUCT_BUNDLE_IDENTIFIER = "intro-to-ios.asdfTests";
				PRODUCT_NAME = "$(TARGET_NAME)";
				SWIFT_VERSION = 3.0;
				TEST_HOST = "$(BUILT_PRODUCTS_DIR)/asdf.app/asdf";
			};
			name = Debug;
		};
		274330871DCE79E900A3FBE8 /* Release */ = {
			isa = XCBuildConfiguration;
			buildSettings = {
				ALWAYS_EMBED_SWIFT_STANDARD_LIBRARIES = YES;
				BUNDLE_LOADER = "$(TEST_HOST)";
				INFOPLIST_FILE = asdfTests/Info.plist;
				LD_RUNPATH_SEARCH_PATHS = "$(inherited) @executable_path/Frameworks @loader_path/Frameworks";
				PRODUCT_BUNDLE_IDENTIFIER = "intro-to-ios.asdfTests";
				PRODUCT_NAME = "$(TARGET_NAME)";
				SWIFT_VERSION = 3.0;
				TEST_HOST = "$(BUILT_PRODUCTS_DIR)/asdf.app/asdf";
			};
			name = Release;
		};
		274330891DCE79E900A3FBE8 /* Debug */ = {
			isa = XCBuildConfiguration;
			buildSettings = {
				ALWAYS_EMBED_SWIFT_STANDARD_LIBRARIES = YES;
				INFOPLIST_FILE = asdfUITests/Info.plist;
				LD_RUNPATH_SEARCH_PATHS = "$(inherited) @executable_path/Frameworks @loader_path/Frameworks";
				PRODUCT_BUNDLE_IDENTIFIER = "intro-to-ios.asdfUITests";
				PRODUCT_NAME = "$(TARGET_NAME)";
				SWIFT_VERSION = 3.0;
				TEST_TARGET_NAME = asdf;
			};
			name = Debug;
		};
		2743308A1DCE79E900A3FBE8 /* Release */ = {
			isa = XCBuildConfiguration;
			buildSettings = {
				ALWAYS_EMBED_SWIFT_STANDARD_LIBRARIES = YES;
				INFOPLIST_FILE = asdfUITests/Info.plist;
				LD_RUNPATH_SEARCH_PATHS = "$(inherited) @executable_path/Frameworks @loader_path/Frameworks";
				PRODUCT_BUNDLE_IDENTIFIER = "intro-to-ios.asdfUITests";
				PRODUCT_NAME = "$(TARGET_NAME)";
				SWIFT_VERSION = 3.0;
				TEST_TARGET_NAME = asdf;
			};
			name = Release;
		};
/* End XCBuildConfiguration section */

/* Begin XCConfigurationList section */
		2743304F1DCE79E800A3FBE8 /* Build configuration list for PBXProject "asdf" */ = {
			isa = XCConfigurationList;
			buildConfigurations = (
				274330801DCE79E900A3FBE8 /* Debug */,
				274330811DCE79E900A3FBE8 /* Release */,
			);
			defaultConfigurationIsVisible = 0;
			defaultConfigurationName = Release;
		};
		274330821DCE79E900A3FBE8 /* Build configuration list for PBXNativeTarget "asdf" */ = {
			isa = XCConfigurationList;
			buildConfigurations = (
				274330831DCE79E900A3FBE8 /* Debug */,
				274330841DCE79E900A3FBE8 /* Release */,
			);
			defaultConfigurationIsVisible = 0;
		};
		274330851DCE79E900A3FBE8 /* Build configuration list for PBXNativeTarget "asdfTests" */ = {
			isa = XCConfigurationList;
			buildConfigurations = (
				274330861DCE79E900A3FBE8 /* Debug */,
				274330871DCE79E900A3FBE8 /* Release */,
			);
			defaultConfigurationIsVisible = 0;
		};
		274330881DCE79E900A3FBE8 /* Build configuration list for PBXNativeTarget "asdfUITests" */ = {
			isa = XCConfigurationList;
			buildConfigurations = (
				274330891DCE79E900A3FBE8 /* Debug */,
				2743308A1DCE79E900A3FBE8 /* Release */,
			);
			defaultConfigurationIsVisible = 0;
		};
/* End XCConfigurationList section */
	};
	rootObject = 2743304C1DCE79E800A3FBE8 /* Project object */;
}
